# This file is automatically @generated by Cargo.
# It is not intended for manual editing.
version = 4

[[package]]
name = "clap-file"
version = "0.2.0"
source = "registry+https://github.com/rust-lang/crates.io-index"
checksum = "229e06ea2f3a15fba5d1daddceea2fb4f65cfc9c39f57a6a977ef1122772b02c"

[[package]]
name = "rust"
version = "0.1.0"
dependencies = [
 "clap-file",
]
